
Microsoft Visual Studio Solution File, Format Version 11.00
# Visual Studio 2010
Project("{FAE04EC0-301F-11D3-BF4B-00C04F79EFBC}") = "PhotonUnityNetworking.Utilities", "PhotonUnityNetworking.Utilities.csproj", "{7b04888c-22d4-7a78-bded-bdf52c7f9fe9}"
EndProject
Project("{FAE04EC0-301F-11D3-BF4B-00C04F79EFBC}") = "PhotonChat", "PhotonChat.csproj", "{409e96cc-3377-cbc7-361d-8bfae9dc28b4}"
EndProject
Project("{FAE04EC0-301F-11D3-BF4B-00C04F79EFBC}") = "Assembly-CSharp-firstpass", "Assembly-CSharp-firstpass.csproj", "{e295fc97-f2b4-eda3-7ab9-0be8eef3d468}"
EndProject
Project("{FAE04EC0-301F-11D3-BF4B-00C04F79EFBC}") = "Assembly-CSharp", "Assembly-CSharp.csproj", "{b86e23ff-a88d-a342-a01d-060d2a90daf5}"
EndProject
Project("{FAE04EC0-301F-11D3-BF4B-00C04F79EFBC}") = "PhotonUnityNetworking", "PhotonUnityNetworking.csproj", "{39de220e-244f-3ebd-a33e-3288a4c36ea1}"
EndProject
Project("{FAE04EC0-301F-11D3-BF4B-00C04F79EFBC}") = "PhotonRealtime", "PhotonRealtime.csproj", "{359067b4-789c-6ca8-1562-153791a63c8a}"
EndProject
Project("{FAE04EC0-301F-11D3-BF4B-00C04F79EFBC}") = "PhotonUnityNetworking.Editor", "PhotonUnityNetworking.Editor.csproj", "{aece4ebe-9bc1-72ae-fb45-e7d86939b11a}"
EndProject
Project("{FAE04EC0-301F-11D3-BF4B-00C04F79EFBC}") = "PhotonUnityNetworking.Utilities.PhotonPlayer.Editor", "PhotonUnityNetworking.Utilities.PhotonPlayer.Editor.csproj", "{a0103b2d-399e-a6d0-84f1-d1f0f0366070}"
EndProject
Project("{FAE04EC0-301F-11D3-BF4B-00C04F79EFBC}") = "PhotonUnityNetworking.Utilities.Culling.Editor", "PhotonUnityNetworking.Utilities.Culling.Editor.csproj", "{85ed825a-844f-84c7-e223-669b90de12f3}"
EndProject
Global
	GlobalSection(SolutionConfigurationPlatforms) = preSolution
		Debug|Any CPU = Debug|Any CPU
	EndGlobalSection
	GlobalSection(ProjectConfigurationPlatforms) = postSolution
		{7b04888c-22d4-7a78-bded-bdf52c7f9fe9}.Debug|Any CPU.ActiveCfg = Debug|Any CPU
		{7b04888c-22d4-7a78-bded-bdf52c7f9fe9}.Debug|Any CPU.Build.0 = Debug|Any CPU
		{409e96cc-3377-cbc7-361d-8bfae9dc28b4}.Debug|Any CPU.ActiveCfg = Debug|Any CPU
		{409e96cc-3377-cbc7-361d-8bfae9dc28b4}.Debug|Any CPU.Build.0 = Debug|Any CPU
		{e295fc97-f2b4-eda3-7ab9-0be8eef3d468}.Debug|Any CPU.ActiveCfg = Debug|Any CPU
		{e295fc97-f2b4-eda3-7ab9-0be8eef3d468}.Debug|Any CPU.Build.0 = Debug|Any CPU
		{b86e23ff-a88d-a342-a01d-060d2a90daf5}.Debug|Any CPU.ActiveCfg = Debug|Any CPU
		{b86e23ff-a88d-a342-a01d-060d2a90daf5}.Debug|Any CPU.Build.0 = Debug|Any CPU
		{39de220e-244f-3ebd-a33e-3288a4c36ea1}.Debug|Any CPU.ActiveCfg = Debug|Any CPU
		{39de220e-244f-3ebd-a33e-3288a4c36ea1}.Debug|Any CPU.Build.0 = Debug|Any CPU
		{359067b4-789c-6ca8-1562-153791a63c8a}.Debug|Any CPU.ActiveCfg = Debug|Any CPU
		{359067b4-789c-6ca8-1562-153791a63c8a}.Debug|Any CPU.Build.0 = Debug|Any CPU
		{aece4ebe-9bc1-72ae-fb45-e7d86939b11a}.Debug|Any CPU.ActiveCfg = Debug|Any CPU
		{aece4ebe-9bc1-72ae-fb45-e7d86939b11a}.Debug|Any CPU.Build.0 = Debug|Any CPU
		{a0103b2d-399e-a6d0-84f1-d1f0f0366070}.Debug|Any CPU.ActiveCfg = Debug|Any CPU
		{a0103b2d-399e-a6d0-84f1-d1f0f0366070}.Debug|Any CPU.Build.0 = Debug|Any CPU
		{85ed825a-844f-84c7-e223-669b90de12f3}.Debug|Any CPU.ActiveCfg = Debug|Any CPU
		{85ed825a-844f-84c7-e223-669b90de12f3}.Debug|Any CPU.Build.0 = Debug|Any CPU
	EndGlobalSection
	GlobalSection(SolutionProperties) = preSolution
		HideSolutionNode = FALSE
	EndGlobalSection
EndGlobal
